
Microsoft Visual Studio Solution File, Format Version 12.00
# Visual Studio Version 17
VisualStudioVersion = 17.9.34723.18
MinimumVisualStudioVersion = 10.0.40219.1
Project("{FAE04EC0-301F-11D3-BF4B-00C04F79EFBC}") = "ItransitionTaskAuthentication", "ItransitionTaskAuthentication\ItransitionTaskAuthentication.csproj", "{2B81BC05-CE8C-4B05-96BB-3CC38D5ECB66}"
EndProject
Global
	GlobalSection(SolutionConfigurationPlatforms) = preSolution
		Debug|Any CPU = Debug|Any CPU
		Release|Any CPU = Release|Any CPU
	EndGlobalSection
	GlobalSection(ProjectConfigurationPlatforms) = postSolution
		{2B81BC05-CE8C-4B05-96BB-3CC38D5ECB66}.Debug|Any CPU.ActiveCfg = Debug|Any CPU
		{2B81BC05-CE8C-4B05-96BB-3CC38D5ECB66}.Debug|Any CPU.Build.0 = Debug|Any CPU
		{2B81BC05-CE8C-4B05-96BB-3CC38D5ECB66}.Release|Any CPU.ActiveCfg = Release|Any CPU
		{2B81BC05-CE8C-4B05-96BB-3CC38D5ECB66}.Release|Any CPU.Build.0 = Release|Any CPU
	EndGlobalSection
	GlobalSection(SolutionProperties) = preSolution
		HideSolutionNode = FALSE
	EndGlobalSection
	GlobalSection(ExtensibilityGlobals) = postSolution
		SolutionGuid = {B0F9065F-3164-4F0F-A1C9-B579B7670040}
	EndGlobalSection
EndGlobal
